
Microsoft Visual Studio Solution File, Format Version 12.00
# Visual Studio Version 16
VisualStudioVersion = 16.0.31729.503
MinimumVisualStudioVersion = 10.0.40219.1
Project("{FAE04EC0-301F-11D3-BF4B-00C04F79EFBC}") = "KrediTakipSstm3", "KrediTakipSstm3\KrediTakipSstm3.csproj", "{0459084D-D9EB-4B51-8166-289C2710983D}"
EndProject
Global
	GlobalSection(SolutionConfigurationPlatforms) = preSolution
		Debug|Any CPU = Debug|Any CPU
		Release|Any CPU = Release|Any CPU
	EndGlobalSection
	GlobalSection(ProjectConfigurationPlatforms) = postSolution
		{0459084D-D9EB-4B51-8166-289C2710983D}.Debug|Any CPU.ActiveCfg = Debug|Any CPU
		{0459084D-D9EB-4B51-8166-289C2710983D}.Debug|Any CPU.Build.0 = Debug|Any CPU
		{0459084D-D9EB-4B51-8166-289C2710983D}.Release|Any CPU.ActiveCfg = Release|Any CPU
		{0459084D-D9EB-4B51-8166-289C2710983D}.Release|Any CPU.Build.0 = Release|Any CPU
	EndGlobalSection
	GlobalSection(SolutionProperties) = preSolution
		HideSolutionNode = FALSE
	EndGlobalSection
	GlobalSection(ExtensibilityGlobals) = postSolution
		SolutionGuid = {5DD2B1ED-BEE3-47DE-8A7B-18C5726A5E67}
	EndGlobalSection
EndGlobal
